
Microsoft Visual Studio Solution File, Format Version 12.00
# Visual Studio Version 16
VisualStudioVersion = 16.0.29306.81
MinimumVisualStudioVersion = 10.0.40219.1
Project("{FAE04EC0-301F-11D3-BF4B-00C04F79EFBC}") = "Maze", "GameOne\Maze.csproj", "{0E74C9BA-CA04-44EE-BE21-54314A84CC7B}"
EndProject
Project("{FAE04EC0-301F-11D3-BF4B-00C04F79EFBC}") = "Test", "Test\Test.csproj", "{C248F254-9E00-46C5-9497-24B369CF7E85}"
EndProject
Project("{FAE04EC0-301F-11D3-BF4B-00C04F79EFBC}") = "TicTacToe", "TicTacToe\TicTacToe.csproj", "{B6C96094-0423-495A-BDE9-F2A147EEE2E6}"
EndProject
Project("{FAE04EC0-301F-11D3-BF4B-00C04F79EFBC}") = "MazeOnBacktracking", "MazeOnBacktracking\MazeOnBacktracking.csproj", "{F41EEA89-3071-43DA-AA10-3C02816383DA}"
EndProject
Project("{FAE04EC0-301F-11D3-BF4B-00C04F79EFBC}") = "Life", "Life\Life.csproj", "{14853453-31D7-4DED-B0DB-1D53562351F9}"
EndProject
Global
	GlobalSection(SolutionConfigurationPlatforms) = preSolution
		Debug|Any CPU = Debug|Any CPU
		Release|Any CPU = Release|Any CPU
	EndGlobalSection
	GlobalSection(ProjectConfigurationPlatforms) = postSolution
		{0E74C9BA-CA04-44EE-BE21-54314A84CC7B}.Debug|Any CPU.ActiveCfg = Debug|Any CPU
		{0E74C9BA-CA04-44EE-BE21-54314A84CC7B}.Debug|Any CPU.Build.0 = Debug|Any CPU
		{0E74C9BA-CA04-44EE-BE21-54314A84CC7B}.Release|Any CPU.ActiveCfg = Release|Any CPU
		{0E74C9BA-CA04-44EE-BE21-54314A84CC7B}.Release|Any CPU.Build.0 = Release|Any CPU
		{C248F254-9E00-46C5-9497-24B369CF7E85}.Debug|Any CPU.ActiveCfg = Debug|Any CPU
		{C248F254-9E00-46C5-9497-24B369CF7E85}.Debug|Any CPU.Build.0 = Debug|Any CPU
		{C248F254-9E00-46C5-9497-24B369CF7E85}.Release|Any CPU.ActiveCfg = Release|Any CPU
		{C248F254-9E00-46C5-9497-24B369CF7E85}.Release|Any CPU.Build.0 = Release|Any CPU
		{B6C96094-0423-495A-BDE9-F2A147EEE2E6}.Debug|Any CPU.ActiveCfg = Debug|Any CPU
		{B6C96094-0423-495A-BDE9-F2A147EEE2E6}.Debug|Any CPU.Build.0 = Debug|Any CPU
		{B6C96094-0423-495A-BDE9-F2A147EEE2E6}.Release|Any CPU.ActiveCfg = Release|Any CPU
		{B6C96094-0423-495A-BDE9-F2A147EEE2E6}.Release|Any CPU.Build.0 = Release|Any CPU
		{F41EEA89-3071-43DA-AA10-3C02816383DA}.Debug|Any CPU.ActiveCfg = Debug|Any CPU
		{F41EEA89-3071-43DA-AA10-3C02816383DA}.Debug|Any CPU.Build.0 = Debug|Any CPU
		{F41EEA89-3071-43DA-AA10-3C02816383DA}.Release|Any CPU.ActiveCfg = Release|Any CPU
		{F41EEA89-3071-43DA-AA10-3C02816383DA}.Release|Any CPU.Build.0 = Release|Any CPU
		{14853453-31D7-4DED-B0DB-1D53562351F9}.Debug|Any CPU.ActiveCfg = Debug|Any CPU
		{14853453-31D7-4DED-B0DB-1D53562351F9}.Debug|Any CPU.Build.0 = Debug|Any CPU
		{14853453-31D7-4DED-B0DB-1D53562351F9}.Release|Any CPU.ActiveCfg = Release|Any CPU
		{14853453-31D7-4DED-B0DB-1D53562351F9}.Release|Any CPU.Build.0 = Release|Any CPU
	EndGlobalSection
	GlobalSection(SolutionProperties) = preSolution
		HideSolutionNode = FALSE
	EndGlobalSection
	GlobalSection(ExtensibilityGlobals) = postSolution
		SolutionGuid = {D05A1569-79F7-4DE6-BEFF-FDF069102EA6}
	EndGlobalSection
EndGlobal
